
Microsoft Visual Studio Solution File, Format Version 12.00
# Visual Studio Version 17
VisualStudioVersion = 17.9.34728.123
MinimumVisualStudioVersion = 10.0.40219.1
Project("{2150E333-8FDC-42A3-9474-1A3956D46DE8}") = "src", "src", "{F7E9D6A2-2B73-427F-B3D4-77423E706557}"
EndProject
Project("{2150E333-8FDC-42A3-9474-1A3956D46DE8}") = "Core", "Core", "{0688FD0B-E7B4-46C4-85BE-5094477D5A23}"
EndProject
Project("{2150E333-8FDC-42A3-9474-1A3956D46DE8}") = "Ui", "Ui", "{36D00FB5-53E1-44B5-A2A3-4E902BD28C86}"
EndProject
Project("{2150E333-8FDC-42A3-9474-1A3956D46DE8}") = "Infrastructure", "Infrastructure", "{6303CCF3-A3C2-4F70-9BA3-17A540DCB759}"
EndProject
Project("{9A19103F-16F7-4668-BE54-9A1E7A4F7556}") = "Application", "Application\Application.csproj", "{B9EB9E2A-3ED6-4454-83E1-85EBA6E5E8E0}"
EndProject
Project("{9A19103F-16F7-4668-BE54-9A1E7A4F7556}") = "Domain", "Domain\Domain.csproj", "{D09EEEC8-29B6-485A-B393-2EBE15F74833}"
EndProject
Project("{9A19103F-16F7-4668-BE54-9A1E7A4F7556}") = "Persistence", "Persistence\Persistence.csproj", "{AAAE445B-02B8-4D10-98FF-AA36BBC88D45}"
EndProject
Project("{9A19103F-16F7-4668-BE54-9A1E7A4F7556}") = "CleanArcheticExample", "CleanArcheticExample\CleanArcheticExample.csproj", "{E808EE2C-7032-4FEE-8EB6-497C79715056}"
EndProject
Global
	GlobalSection(SolutionConfigurationPlatforms) = preSolution
		Debug|Any CPU = Debug|Any CPU
		Release|Any CPU = Release|Any CPU
	EndGlobalSection
	GlobalSection(ProjectConfigurationPlatforms) = postSolution
		{B9EB9E2A-3ED6-4454-83E1-85EBA6E5E8E0}.Debug|Any CPU.ActiveCfg = Debug|Any CPU
		{B9EB9E2A-3ED6-4454-83E1-85EBA6E5E8E0}.Debug|Any CPU.Build.0 = Debug|Any CPU
		{B9EB9E2A-3ED6-4454-83E1-85EBA6E5E8E0}.Release|Any CPU.ActiveCfg = Release|Any CPU
		{B9EB9E2A-3ED6-4454-83E1-85EBA6E5E8E0}.Release|Any CPU.Build.0 = Release|Any CPU
		{D09EEEC8-29B6-485A-B393-2EBE15F74833}.Debug|Any CPU.ActiveCfg = Debug|Any CPU
		{D09EEEC8-29B6-485A-B393-2EBE15F74833}.Debug|Any CPU.Build.0 = Debug|Any CPU
		{D09EEEC8-29B6-485A-B393-2EBE15F74833}.Release|Any CPU.ActiveCfg = Release|Any CPU
		{D09EEEC8-29B6-485A-B393-2EBE15F74833}.Release|Any CPU.Build.0 = Release|Any CPU
		{AAAE445B-02B8-4D10-98FF-AA36BBC88D45}.Debug|Any CPU.ActiveCfg = Debug|Any CPU
		{AAAE445B-02B8-4D10-98FF-AA36BBC88D45}.Debug|Any CPU.Build.0 = Debug|Any CPU
		{AAAE445B-02B8-4D10-98FF-AA36BBC88D45}.Release|Any CPU.ActiveCfg = Release|Any CPU
		{AAAE445B-02B8-4D10-98FF-AA36BBC88D45}.Release|Any CPU.Build.0 = Release|Any CPU
		{E808EE2C-7032-4FEE-8EB6-497C79715056}.Debug|Any CPU.ActiveCfg = Debug|Any CPU
		{E808EE2C-7032-4FEE-8EB6-497C79715056}.Debug|Any CPU.Build.0 = Debug|Any CPU
		{E808EE2C-7032-4FEE-8EB6-497C79715056}.Release|Any CPU.ActiveCfg = Release|Any CPU
		{E808EE2C-7032-4FEE-8EB6-497C79715056}.Release|Any CPU.Build.0 = Release|Any CPU
	EndGlobalSection
	GlobalSection(SolutionProperties) = preSolution
		HideSolutionNode = FALSE
	EndGlobalSection
	GlobalSection(NestedProjects) = preSolution
		{0688FD0B-E7B4-46C4-85BE-5094477D5A23} = {F7E9D6A2-2B73-427F-B3D4-77423E706557}
		{36D00FB5-53E1-44B5-A2A3-4E902BD28C86} = {F7E9D6A2-2B73-427F-B3D4-77423E706557}
		{6303CCF3-A3C2-4F70-9BA3-17A540DCB759} = {F7E9D6A2-2B73-427F-B3D4-77423E706557}
		{B9EB9E2A-3ED6-4454-83E1-85EBA6E5E8E0} = {0688FD0B-E7B4-46C4-85BE-5094477D5A23}
		{D09EEEC8-29B6-485A-B393-2EBE15F74833} = {0688FD0B-E7B4-46C4-85BE-5094477D5A23}
		{AAAE445B-02B8-4D10-98FF-AA36BBC88D45} = {6303CCF3-A3C2-4F70-9BA3-17A540DCB759}
		{E808EE2C-7032-4FEE-8EB6-497C79715056} = {36D00FB5-53E1-44B5-A2A3-4E902BD28C86}
	EndGlobalSection
	GlobalSection(ExtensibilityGlobals) = postSolution
		SolutionGuid = {80C9C149-99A2-4C57-9CFC-5E1FF4BCBCBC}
	EndGlobalSection
EndGlobal
